Microsoft Visual Studio Solution File, Format Version 11.00
# Visual Studio 2008

Project("{EEA25A07-A22E-8DEC-D850-004FA4B564BF}") = "NeuRRoNav", "Assembly-CSharp.csproj", "{7B41564C-5404-A8F1-D4A5-98E6298027EC}"
EndProject
Project("{EEA25A07-A22E-8DEC-D850-004FA4B564BF}") = "NeuRRoNav", "Assembly-CSharp-Editor.csproj", "{3A23BC6C-388F-A459-6C74-1EA89BFC04CE}"
EndProject
Global
	GlobalSection(SolutionConfigurationPlatforms) = preSolution
		Debug|Any CPU = Debug|Any CPU
		Release|Any CPU = Release|Any CPU
	EndGlobalSection
	GlobalSection(ProjectConfigurationPlatforms) = postSolution
		{7B41564C-5404-A8F1-D4A5-98E6298027EC}.Debug|Any CPU.ActiveCfg = Debug|Any CPU
		{7B41564C-5404-A8F1-D4A5-98E6298027EC}.Debug|Any CPU.Build.0 = Debug|Any CPU
		{7B41564C-5404-A8F1-D4A5-98E6298027EC}.Release|Any CPU.ActiveCfg = Release|Any CPU
		{7B41564C-5404-A8F1-D4A5-98E6298027EC}.Release|Any CPU.Build.0 = Release|Any CPU
		{3A23BC6C-388F-A459-6C74-1EA89BFC04CE}.Debug|Any CPU.ActiveCfg = Debug|Any CPU
		{3A23BC6C-388F-A459-6C74-1EA89BFC04CE}.Debug|Any CPU.Build.0 = Debug|Any CPU
		{3A23BC6C-388F-A459-6C74-1EA89BFC04CE}.Release|Any CPU.ActiveCfg = Release|Any CPU
		{3A23BC6C-388F-A459-6C74-1EA89BFC04CE}.Release|Any CPU.Build.0 = Release|Any CPU
	EndGlobalSection
	GlobalSection(SolutionProperties) = preSolution
		HideSolutionNode = FALSE
	EndGlobalSection
	GlobalSection(MonoDevelopProperties) = preSolution
		StartupItem = Assembly-CSharp.csproj
	EndGlobalSection
EndGlobal
