
Microsoft Visual Studio Solution File, Format Version 12.00
# Visual Studio 2015
Project("{FAE04EC0-301F-11D3-BF4B-00C04F79EFBC}") = "NeuRRo Nav V1.CSharp", "NeuRRo Nav V1.CSharp.csproj", "{F004ADAE-0BCD-2415-25F2-688696920856}"
EndProject
Project("{FAE04EC0-301F-11D3-BF4B-00C04F79EFBC}") = "NeuRRo Nav V1.CSharp.Editor", "NeuRRo Nav V1.CSharp.Editor.csproj", "{ACC75C9D-7D61-88C2-456A-A06ADDB7380E}"
EndProject
Global
	GlobalSection(SolutionConfigurationPlatforms) = preSolution
		Debug|Any CPU = Debug|Any CPU
		Release|Any CPU = Release|Any CPU
	EndGlobalSection
	GlobalSection(ProjectConfigurationPlatforms) = postSolution
		{F004ADAE-0BCD-2415-25F2-688696920856}.Debug|Any CPU.ActiveCfg = Debug|Any CPU
		{F004ADAE-0BCD-2415-25F2-688696920856}.Debug|Any CPU.Build.0 = Debug|Any CPU
		{F004ADAE-0BCD-2415-25F2-688696920856}.Release|Any CPU.ActiveCfg = Release|Any CPU
		{F004ADAE-0BCD-2415-25F2-688696920856}.Release|Any CPU.Build.0 = Release|Any CPU
		{ACC75C9D-7D61-88C2-456A-A06ADDB7380E}.Debug|Any CPU.ActiveCfg = Debug|Any CPU
		{ACC75C9D-7D61-88C2-456A-A06ADDB7380E}.Debug|Any CPU.Build.0 = Debug|Any CPU
		{ACC75C9D-7D61-88C2-456A-A06ADDB7380E}.Release|Any CPU.ActiveCfg = Release|Any CPU
		{ACC75C9D-7D61-88C2-456A-A06ADDB7380E}.Release|Any CPU.Build.0 = Release|Any CPU
	EndGlobalSection
	GlobalSection(SolutionProperties) = preSolution
		HideSolutionNode = FALSE
	EndGlobalSection
EndGlobal
